
Microsoft Visual Studio Solution File, Format Version 11.00
# Visual Studio 2010
Project("{2150E333-8FDC-42A3-9474-1A3956D46DE8}") = "Builders", "Builders", "{4F648B32-FAE8-413B-BE38-1559E35AB523}"
EndProject
Project("{FAE04EC0-301F-11D3-BF4B-00C04F79EFBC}") = "Normalizer", "Src\Normalizer\Normalizer.csproj", "{E4A0E90F-EE4B-45E8-AB7A-2DCF6AF386A2}"
EndProject
Project("{FAE04EC0-301F-11D3-BF4B-00C04F79EFBC}") = "Builder", "Src\Builder\Builder.csproj", "{CC9922D2-CD8F-4968-A46A-4282432045F8}"
EndProject
Project("{2150E333-8FDC-42A3-9474-1A3956D46DE8}") = "Artifacts", "Artifacts", "{FB2792FC-B709-4637-9047-30C72F0DD5AC}"
EndProject
Project("{2150E333-8FDC-42A3-9474-1A3956D46DE8}") = "Normalized", "Normalized", "{83DB2B13-9C18-4770-975C-1A16709885FA}"
	ProjectSection(SolutionItems) = preProject
		Artifacts\Normalized\Kjv1.txt = Artifacts\Normalized\Kjv1.txt
		Artifacts\Normalized\Kjv2.txt = Artifacts\Normalized\Kjv2.txt
		Artifacts\Normalized\Kjv3.txt = Artifacts\Normalized\Kjv3.txt
		Artifacts\Normalized\Kjv4.txt = Artifacts\Normalized\Kjv4.txt
	EndProjectSection
EndProject
Project("{2150E333-8FDC-42A3-9474-1A3956D46DE8}") = "Binary", "Binary", "{ABE7BC15-3C9E-4865-9FF2-CD8D241F418B}"
EndProject
Project("{2150E333-8FDC-42A3-9474-1A3956D46DE8}") = "Files", "Files", "{07014A59-DB49-4034-899E-7D7051A6FAB2}"
	ProjectSection(SolutionItems) = preProject
		Build.ps1 = Build.ps1
		LICENSE.TXT = LICENSE.TXT
		README.TXT = README.TXT
	EndProjectSection
EndProject
Project("{FAE04EC0-301F-11D3-BF4B-00C04F79EFBC}") = "Builder.UnitTests", "Src\Builder.UnitTests\Builder.UnitTests.csproj", "{D51AAE4C-24B6-4639-908A-C2A2A85F388C}"
EndProject
Project("{2150E333-8FDC-42A3-9474-1A3956D46DE8}") = "CoverageAndTesting", "CoverageAndTesting", "{EED20E57-542A-41B4-9195-97797E4AB4CD}"
	ProjectSection(SolutionItems) = preProject
		Coverage\Bible2.ncproj = Coverage\Bible2.ncproj
		Bible2.nunit = Bible2.nunit
	EndProjectSection
EndProject
Project("{2150E333-8FDC-42A3-9474-1A3956D46DE8}") = "BibleLib", "BibleLib", "{11829B32-4816-430F-BA16-E950AE9CF8CA}"
EndProject
Project("{FAE04EC0-301F-11D3-BF4B-00C04F79EFBC}") = "BibleLib", "Src\BibleLib\BibleLib.csproj", "{DC016D01-5CC2-46BE-B355-FB452A5491A8}"
EndProject
Global
	GlobalSection(SolutionConfigurationPlatforms) = preSolution
		Debug|Any CPU = Debug|Any CPU
		Release|Any CPU = Release|Any CPU
	EndGlobalSection
	GlobalSection(ProjectConfigurationPlatforms) = postSolution
		{E4A0E90F-EE4B-45E8-AB7A-2DCF6AF386A2}.Debug|Any CPU.ActiveCfg = Debug|Any CPU
		{E4A0E90F-EE4B-45E8-AB7A-2DCF6AF386A2}.Debug|Any CPU.Build.0 = Debug|Any CPU
		{E4A0E90F-EE4B-45E8-AB7A-2DCF6AF386A2}.Release|Any CPU.ActiveCfg = Release|Any CPU
		{E4A0E90F-EE4B-45E8-AB7A-2DCF6AF386A2}.Release|Any CPU.Build.0 = Release|Any CPU
		{CC9922D2-CD8F-4968-A46A-4282432045F8}.Debug|Any CPU.ActiveCfg = Debug|Any CPU
		{CC9922D2-CD8F-4968-A46A-4282432045F8}.Debug|Any CPU.Build.0 = Debug|Any CPU
		{CC9922D2-CD8F-4968-A46A-4282432045F8}.Release|Any CPU.ActiveCfg = Release|Any CPU
		{CC9922D2-CD8F-4968-A46A-4282432045F8}.Release|Any CPU.Build.0 = Release|Any CPU
		{D51AAE4C-24B6-4639-908A-C2A2A85F388C}.Debug|Any CPU.ActiveCfg = Debug|Any CPU
		{D51AAE4C-24B6-4639-908A-C2A2A85F388C}.Debug|Any CPU.Build.0 = Debug|Any CPU
		{D51AAE4C-24B6-4639-908A-C2A2A85F388C}.Release|Any CPU.ActiveCfg = Release|Any CPU
		{D51AAE4C-24B6-4639-908A-C2A2A85F388C}.Release|Any CPU.Build.0 = Release|Any CPU
		{DC016D01-5CC2-46BE-B355-FB452A5491A8}.Debug|Any CPU.ActiveCfg = Debug|Any CPU
		{DC016D01-5CC2-46BE-B355-FB452A5491A8}.Debug|Any CPU.Build.0 = Debug|Any CPU
		{DC016D01-5CC2-46BE-B355-FB452A5491A8}.Release|Any CPU.ActiveCfg = Release|Any CPU
		{DC016D01-5CC2-46BE-B355-FB452A5491A8}.Release|Any CPU.Build.0 = Release|Any CPU
	EndGlobalSection
	GlobalSection(SolutionProperties) = preSolution
		HideSolutionNode = FALSE
	EndGlobalSection
	GlobalSection(NestedProjects) = preSolution
		{E4A0E90F-EE4B-45E8-AB7A-2DCF6AF386A2} = {4F648B32-FAE8-413B-BE38-1559E35AB523}
		{CC9922D2-CD8F-4968-A46A-4282432045F8} = {4F648B32-FAE8-413B-BE38-1559E35AB523}
		{D51AAE4C-24B6-4639-908A-C2A2A85F388C} = {4F648B32-FAE8-413B-BE38-1559E35AB523}
		{83DB2B13-9C18-4770-975C-1A16709885FA} = {FB2792FC-B709-4637-9047-30C72F0DD5AC}
		{ABE7BC15-3C9E-4865-9FF2-CD8D241F418B} = {FB2792FC-B709-4637-9047-30C72F0DD5AC}
		{DC016D01-5CC2-46BE-B355-FB452A5491A8} = {11829B32-4816-430F-BA16-E950AE9CF8CA}
	EndGlobalSection
EndGlobal
